
Microsoft Visual Studio Solution File, Format Version 12.00
# Visual Studio Version 17
VisualStudioVersion = 17.4.33205.214
MinimumVisualStudioVersion = 10.0.40219.1
Project("{9A19103F-16F7-4668-BE54-9A1E7A4F7556}") = "BET", "src\BET.csproj", "{735DDECB-1D91-4888-A837-8C23393F5D8B}"
EndProject
Project("{2150E333-8FDC-42A3-9474-1A3956D46DE8}") = "docker", "docker", "{8049C214-DB7E-4875-A317-02D6956ACBB3}"
	ProjectSection(SolutionItems) = preProject
		Dockerfile = Dockerfile
		sql-config.yml = sql-config.yml
		src\WeatherForecast.cs = src\WeatherForecast.cs
	EndProjectSection
EndProject
Global
	GlobalSection(SolutionConfigurationPlatforms) = preSolution
		Debug|Any CPU = Debug|Any CPU
		Release|Any CPU = Release|Any CPU
	EndGlobalSection
	GlobalSection(ProjectConfigurationPlatforms) = postSolution
		{735DDECB-1D91-4888-A837-8C23393F5D8B}.Debug|Any CPU.ActiveCfg = Debug|Any CPU
		{735DDECB-1D91-4888-A837-8C23393F5D8B}.Debug|Any CPU.Build.0 = Debug|Any CPU
		{735DDECB-1D91-4888-A837-8C23393F5D8B}.Release|Any CPU.ActiveCfg = Release|Any CPU
		{735DDECB-1D91-4888-A837-8C23393F5D8B}.Release|Any CPU.Build.0 = Release|Any CPU
	EndGlobalSection
	GlobalSection(SolutionProperties) = preSolution
		HideSolutionNode = FALSE
	EndGlobalSection
	GlobalSection(ExtensibilityGlobals) = postSolution
		SolutionGuid = {2FA3B206-4066-4510-9F3B-02117E25FF27}
	EndGlobalSection
EndGlobal
